
Microsoft Visual Studio Solution File, Format Version 12.00
# Visual Studio 15
VisualStudioVersion = 15.0.27130.2010
MinimumVisualStudioVersion = 10.0.40219.1
Project("{FAE04EC0-301F-11D3-BF4B-00C04F79EFBC}") = "TTTF TimeTravel 0.9.0", "TTTF TimeTravel 0.9.0\TTTF TimeTravel 0.9.0.csproj", "{D9AF04FE-F5D8-4CB1-B834-FC9D8E051E59}"
EndProject
Project("{FAE04EC0-301F-11D3-BF4B-00C04F79EFBC}") = "TTTF Launcher", "..\TTTF Launcher\TTTF Launcher\TTTF Launcher.csproj", "{5FEA5CFA-0EE8-4265-8AF8-6CDD90DC48DE}"
EndProject
Global
	GlobalSection(SolutionConfigurationPlatforms) = preSolution
		Debug|Any CPU = Debug|Any CPU
		Release|Any CPU = Release|Any CPU
	EndGlobalSection
	GlobalSection(ProjectConfigurationPlatforms) = postSolution
		{D9AF04FE-F5D8-4CB1-B834-FC9D8E051E59}.Debug|Any CPU.ActiveCfg = Debug|Any CPU
		{D9AF04FE-F5D8-4CB1-B834-FC9D8E051E59}.Debug|Any CPU.Build.0 = Debug|Any CPU
		{D9AF04FE-F5D8-4CB1-B834-FC9D8E051E59}.Release|Any CPU.ActiveCfg = Release|Any CPU
		{D9AF04FE-F5D8-4CB1-B834-FC9D8E051E59}.Release|Any CPU.Build.0 = Release|Any CPU
		{5FEA5CFA-0EE8-4265-8AF8-6CDD90DC48DE}.Debug|Any CPU.ActiveCfg = Debug|Any CPU
		{5FEA5CFA-0EE8-4265-8AF8-6CDD90DC48DE}.Debug|Any CPU.Build.0 = Debug|Any CPU
		{5FEA5CFA-0EE8-4265-8AF8-6CDD90DC48DE}.Release|Any CPU.ActiveCfg = Release|Any CPU
		{5FEA5CFA-0EE8-4265-8AF8-6CDD90DC48DE}.Release|Any CPU.Build.0 = Release|Any CPU
	EndGlobalSection
	GlobalSection(SolutionProperties) = preSolution
		HideSolutionNode = FALSE
	EndGlobalSection
	GlobalSection(ExtensibilityGlobals) = postSolution
		SolutionGuid = {A9F8AD9D-1862-4E23-A049-6ED5CC41B80E}
	EndGlobalSection
EndGlobal
